
Microsoft Visual Studio Solution File, Format Version 12.00
# Visual Studio 15
Project("{FAE04EC0-301F-11D3-BF4B-00C04F79EFBC}") = "UnityEngine.TestRunner", "UnityEngine.TestRunner.csproj", "{F1D0CA7C-9110-252B-BE07-62CD34D3B522}"
EndProject
Project("{FAE04EC0-301F-11D3-BF4B-00C04F79EFBC}") = "Unity.Timeline", "Unity.Timeline.csproj", "{BF44E1C7-9586-3D1A-B2FC-A3A20E925EAB}"
EndProject
Project("{FAE04EC0-301F-11D3-BF4B-00C04F79EFBC}") = "UnityEngine.UI", "UnityEngine.UI.csproj", "{480C3F80-5824-49AE-9FEF-8F62D0B23C5B}"
EndProject
Project("{FAE04EC0-301F-11D3-BF4B-00C04F79EFBC}") = "Unity.TextMeshPro", "Unity.TextMeshPro.csproj", "{D2BDFA59-A7BB-13B2-833B-8226830EC231}"
EndProject
Project("{FAE04EC0-301F-11D3-BF4B-00C04F79EFBC}") = "Assembly-CSharp", "Assembly-CSharp.csproj", "{6D84558F-D623-0CB4-722B-FC6D96BDFC85}"
EndProject
Project("{FAE04EC0-301F-11D3-BF4B-00C04F79EFBC}") = "UnityEditor.TestRunner", "UnityEditor.TestRunner.csproj", "{7A2506DD-C68C-B9F8-0301-00708B005253}"
EndProject
Project("{FAE04EC0-301F-11D3-BF4B-00C04F79EFBC}") = "Unity.PlasticSCM.Editor", "Unity.PlasticSCM.Editor.csproj", "{866E6E18-AFF7-F5DD-A237-73300B3F0AC5}"
EndProject
Project("{FAE04EC0-301F-11D3-BF4B-00C04F79EFBC}") = "UnityEditor.UI", "UnityEditor.UI.csproj", "{F18731BB-3216-A556-D93B-20F4427D6342}"
EndProject
Project("{FAE04EC0-301F-11D3-BF4B-00C04F79EFBC}") = "Unity.Services.Core.Editor", "Unity.Services.Core.Editor.csproj", "{7CCE36D0-6252-676C-C9B7-616070AD1240}"
EndProject
Project("{FAE04EC0-301F-11D3-BF4B-00C04F79EFBC}") = "Unity.Timeline.Editor", "Unity.Timeline.Editor.csproj", "{ACADCF4D-2F92-0873-1490-66A6D06A20E9}"
EndProject
Project("{FAE04EC0-301F-11D3-BF4B-00C04F79EFBC}") = "Unity.VisualStudio.Editor", "Unity.VisualStudio.Editor.csproj", "{E3523970-DCBA-CF8E-8B2E-A676BC794846}"
EndProject
Project("{FAE04EC0-301F-11D3-BF4B-00C04F79EFBC}") = "Unity.TextMeshPro.Editor", "Unity.TextMeshPro.Editor.csproj", "{CA6FCFA8-D587-C1E3-5C03-3B5AE5592C92}"
EndProject
Project("{FAE04EC0-301F-11D3-BF4B-00C04F79EFBC}") = "Unity.CollabProxy.Editor", "Unity.CollabProxy.Editor.csproj", "{77F8D45B-A0F3-F588-C7D7-8306276E558D}"
EndProject
Project("{FAE04EC0-301F-11D3-BF4B-00C04F79EFBC}") = "Unity.Rider.Editor", "Unity.Rider.Editor.csproj", "{CB0B19F3-9F8B-39B8-07E0-EC2169E354A7}"
EndProject
Project("{FAE04EC0-301F-11D3-BF4B-00C04F79EFBC}") = "Unity.VSCode.Editor", "Unity.VSCode.Editor.csproj", "{9603C957-FCC1-3638-E42A-D019299D41AA}"
EndProject
Project("{FAE04EC0-301F-11D3-BF4B-00C04F79EFBC}") = "UnityEngine.TestRunner", "UnityEngine.TestRunner.Player.csproj", "{B83598F1-ED38-E909-4E45-65EBC829E432}"
EndProject
Project("{FAE04EC0-301F-11D3-BF4B-00C04F79EFBC}") = "Unity.Timeline", "Unity.Timeline.Player.csproj", "{974A8A6F-961D-45A7-1746-47326230A348}"
EndProject
Project("{FAE04EC0-301F-11D3-BF4B-00C04F79EFBC}") = "UnityEngine.UI", "UnityEngine.UI.Player.csproj", "{EEB594E2-A793-8BFD-B040-0F9F708EC5F7}"
EndProject
Project("{FAE04EC0-301F-11D3-BF4B-00C04F79EFBC}") = "Unity.TextMeshPro", "Unity.TextMeshPro.Player.csproj", "{F9007C34-B2D3-D4D0-7CD9-D543DF08E412}"
EndProject
Project("{FAE04EC0-301F-11D3-BF4B-00C04F79EFBC}") = "Assembly-CSharp", "Assembly-CSharp.Player.csproj", "{069D60E2-3ABF-EBB2-2E72-313A77FBA474}"
EndProject
Global
	GlobalSection(SolutionConfigurationPlatforms) = preSolution
		Debug|Any CPU = Debug|Any CPU
		Release|Any CPU = Release|Any CPU
	EndGlobalSection
	GlobalSection(ProjectConfigurationPlatforms) = postSolution
		{F1D0CA7C-9110-252B-BE07-62CD34D3B522}.Debug|Any CPU.ActiveCfg = Debug|Any CPU
		{F1D0CA7C-9110-252B-BE07-62CD34D3B522}.Debug|Any CPU.Build.0 = Debug|Any CPU
		{F1D0CA7C-9110-252B-BE07-62CD34D3B522}.Release|Any CPU.ActiveCfg = Release|Any CPU
		{F1D0CA7C-9110-252B-BE07-62CD34D3B522}.Release|Any CPU.Build.0 = Release|Any CPU
		{BF44E1C7-9586-3D1A-B2FC-A3A20E925EAB}.Debug|Any CPU.ActiveCfg = Debug|Any CPU
		{BF44E1C7-9586-3D1A-B2FC-A3A20E925EAB}.Debug|Any CPU.Build.0 = Debug|Any CPU
		{BF44E1C7-9586-3D1A-B2FC-A3A20E925EAB}.Release|Any CPU.ActiveCfg = Release|Any CPU
		{BF44E1C7-9586-3D1A-B2FC-A3A20E925EAB}.Release|Any CPU.Build.0 = Release|Any CPU
		{480C3F80-5824-49AE-9FEF-8F62D0B23C5B}.Debug|Any CPU.ActiveCfg = Debug|Any CPU
		{480C3F80-5824-49AE-9FEF-8F62D0B23C5B}.Debug|Any CPU.Build.0 = Debug|Any CPU
		{480C3F80-5824-49AE-9FEF-8F62D0B23C5B}.Release|Any CPU.ActiveCfg = Release|Any CPU
		{480C3F80-5824-49AE-9FEF-8F62D0B23C5B}.Release|Any CPU.Build.0 = Release|Any CPU
		{D2BDFA59-A7BB-13B2-833B-8226830EC231}.Debug|Any CPU.ActiveCfg = Debug|Any CPU
		{D2BDFA59-A7BB-13B2-833B-8226830EC231}.Debug|Any CPU.Build.0 = Debug|Any CPU
		{D2BDFA59-A7BB-13B2-833B-8226830EC231}.Release|Any CPU.ActiveCfg = Release|Any CPU
		{D2BDFA59-A7BB-13B2-833B-8226830EC231}.Release|Any CPU.Build.0 = Release|Any CPU
		{6D84558F-D623-0CB4-722B-FC6D96BDFC85}.Debug|Any CPU.ActiveCfg = Debug|Any CPU
		{6D84558F-D623-0CB4-722B-FC6D96BDFC85}.Debug|Any CPU.Build.0 = Debug|Any CPU
		{6D84558F-D623-0CB4-722B-FC6D96BDFC85}.Release|Any CPU.ActiveCfg = Release|Any CPU
		{6D84558F-D623-0CB4-722B-FC6D96BDFC85}.Release|Any CPU.Build.0 = Release|Any CPU
		{7A2506DD-C68C-B9F8-0301-00708B005253}.Debug|Any CPU.ActiveCfg = Debug|Any CPU
		{7A2506DD-C68C-B9F8-0301-00708B005253}.Debug|Any CPU.Build.0 = Debug|Any CPU
		{7A2506DD-C68C-B9F8-0301-00708B005253}.Release|Any CPU.ActiveCfg = Release|Any CPU
		{7A2506DD-C68C-B9F8-0301-00708B005253}.Release|Any CPU.Build.0 = Release|Any CPU
		{866E6E18-AFF7-F5DD-A237-73300B3F0AC5}.Debug|Any CPU.ActiveCfg = Debug|Any CPU
		{866E6E18-AFF7-F5DD-A237-73300B3F0AC5}.Debug|Any CPU.Build.0 = Debug|Any CPU
		{866E6E18-AFF7-F5DD-A237-73300B3F0AC5}.Release|Any CPU.ActiveCfg = Release|Any CPU
		{866E6E18-AFF7-F5DD-A237-73300B3F0AC5}.Release|Any CPU.Build.0 = Release|Any CPU
		{F18731BB-3216-A556-D93B-20F4427D6342}.Debug|Any CPU.ActiveCfg = Debug|Any CPU
		{F18731BB-3216-A556-D93B-20F4427D6342}.Debug|Any CPU.Build.0 = Debug|Any CPU
		{F18731BB-3216-A556-D93B-20F4427D6342}.Release|Any CPU.ActiveCfg = Release|Any CPU
		{F18731BB-3216-A556-D93B-20F4427D6342}.Release|Any CPU.Build.0 = Release|Any CPU
		{7CCE36D0-6252-676C-C9B7-616070AD1240}.Debug|Any CPU.ActiveCfg = Debug|Any CPU
		{7CCE36D0-6252-676C-C9B7-616070AD1240}.Debug|Any CPU.Build.0 = Debug|Any CPU
		{7CCE36D0-6252-676C-C9B7-616070AD1240}.Release|Any CPU.ActiveCfg = Release|Any CPU
		{7CCE36D0-6252-676C-C9B7-616070AD1240}.Release|Any CPU.Build.0 = Release|Any CPU
		{ACADCF4D-2F92-0873-1490-66A6D06A20E9}.Debug|Any CPU.ActiveCfg = Debug|Any CPU
		{ACADCF4D-2F92-0873-1490-66A6D06A20E9}.Debug|Any CPU.Build.0 = Debug|Any CPU
		{ACADCF4D-2F92-0873-1490-66A6D06A20E9}.Release|Any CPU.ActiveCfg = Release|Any CPU
		{ACADCF4D-2F92-0873-1490-66A6D06A20E9}.Release|Any CPU.Build.0 = Release|Any CPU
		{E3523970-DCBA-CF8E-8B2E-A676BC794846}.Debug|Any CPU.ActiveCfg = Debug|Any CPU
		{E3523970-DCBA-CF8E-8B2E-A676BC794846}.Debug|Any CPU.Build.0 = Debug|Any CPU
		{E3523970-DCBA-CF8E-8B2E-A676BC794846}.Release|Any CPU.ActiveCfg = Release|Any CPU
		{E3523970-DCBA-CF8E-8B2E-A676BC794846}.Release|Any CPU.Build.0 = Release|Any CPU
		{CA6FCFA8-D587-C1E3-5C03-3B5AE5592C92}.Debug|Any CPU.ActiveCfg = Debug|Any CPU
		{CA6FCFA8-D587-C1E3-5C03-3B5AE5592C92}.Debug|Any CPU.Build.0 = Debug|Any CPU
		{CA6FCFA8-D587-C1E3-5C03-3B5AE5592C92}.Release|Any CPU.ActiveCfg = Release|Any CPU
		{CA6FCFA8-D587-C1E3-5C03-3B5AE5592C92}.Release|Any CPU.Build.0 = Release|Any CPU
		{77F8D45B-A0F3-F588-C7D7-8306276E558D}.Debug|Any CPU.ActiveCfg = Debug|Any CPU
		{77F8D45B-A0F3-F588-C7D7-8306276E558D}.Debug|Any CPU.Build.0 = Debug|Any CPU
		{77F8D45B-A0F3-F588-C7D7-8306276E558D}.Release|Any CPU.ActiveCfg = Release|Any CPU
		{77F8D45B-A0F3-F588-C7D7-8306276E558D}.Release|Any CPU.Build.0 = Release|Any CPU
		{CB0B19F3-9F8B-39B8-07E0-EC2169E354A7}.Debug|Any CPU.ActiveCfg = Debug|Any CPU
		{CB0B19F3-9F8B-39B8-07E0-EC2169E354A7}.Debug|Any CPU.Build.0 = Debug|Any CPU
		{CB0B19F3-9F8B-39B8-07E0-EC2169E354A7}.Release|Any CPU.ActiveCfg = Release|Any CPU
		{CB0B19F3-9F8B-39B8-07E0-EC2169E354A7}.Release|Any CPU.Build.0 = Release|Any CPU
		{9603C957-FCC1-3638-E42A-D019299D41AA}.Debug|Any CPU.ActiveCfg = Debug|Any CPU
		{9603C957-FCC1-3638-E42A-D019299D41AA}.Debug|Any CPU.Build.0 = Debug|Any CPU
		{9603C957-FCC1-3638-E42A-D019299D41AA}.Release|Any CPU.ActiveCfg = Release|Any CPU
		{9603C957-FCC1-3638-E42A-D019299D41AA}.Release|Any CPU.Build.0 = Release|Any CPU
		{B83598F1-ED38-E909-4E45-65EBC829E432}.Debug|Any CPU.ActiveCfg = Debug|Any CPU
		{B83598F1-ED38-E909-4E45-65EBC829E432}.Debug|Any CPU.Build.0 = Debug|Any CPU
		{B83598F1-ED38-E909-4E45-65EBC829E432}.Release|Any CPU.ActiveCfg = Release|Any CPU
		{B83598F1-ED38-E909-4E45-65EBC829E432}.Release|Any CPU.Build.0 = Release|Any CPU
		{974A8A6F-961D-45A7-1746-47326230A348}.Debug|Any CPU.ActiveCfg = Debug|Any CPU
		{974A8A6F-961D-45A7-1746-47326230A348}.Debug|Any CPU.Build.0 = Debug|Any CPU
		{974A8A6F-961D-45A7-1746-47326230A348}.Release|Any CPU.ActiveCfg = Release|Any CPU
		{974A8A6F-961D-45A7-1746-47326230A348}.Release|Any CPU.Build.0 = Release|Any CPU
		{EEB594E2-A793-8BFD-B040-0F9F708EC5F7}.Debug|Any CPU.ActiveCfg = Debug|Any CPU
		{EEB594E2-A793-8BFD-B040-0F9F708EC5F7}.Debug|Any CPU.Build.0 = Debug|Any CPU
		{EEB594E2-A793-8BFD-B040-0F9F708EC5F7}.Release|Any CPU.ActiveCfg = Release|Any CPU
		{EEB594E2-A793-8BFD-B040-0F9F708EC5F7}.Release|Any CPU.Build.0 = Release|Any CPU
		{F9007C34-B2D3-D4D0-7CD9-D543DF08E412}.Debug|Any CPU.ActiveCfg = Debug|Any CPU
		{F9007C34-B2D3-D4D0-7CD9-D543DF08E412}.Debug|Any CPU.Build.0 = Debug|Any CPU
		{F9007C34-B2D3-D4D0-7CD9-D543DF08E412}.Release|Any CPU.ActiveCfg = Release|Any CPU
		{F9007C34-B2D3-D4D0-7CD9-D543DF08E412}.Release|Any CPU.Build.0 = Release|Any CPU
		{069D60E2-3ABF-EBB2-2E72-313A77FBA474}.Debug|Any CPU.ActiveCfg = Debug|Any CPU
		{069D60E2-3ABF-EBB2-2E72-313A77FBA474}.Debug|Any CPU.Build.0 = Debug|Any CPU
		{069D60E2-3ABF-EBB2-2E72-313A77FBA474}.Release|Any CPU.ActiveCfg = Release|Any CPU
		{069D60E2-3ABF-EBB2-2E72-313A77FBA474}.Release|Any CPU.Build.0 = Release|Any CPU
	EndGlobalSection
	GlobalSection(SolutionProperties) = preSolution
		HideSolutionNode = FALSE
	EndGlobalSection
EndGlobal
